
Microsoft Visual Studio Solution File, Format Version 11.00
# Visual Studio 2010
Project("{FAE04EC0-301F-11D3-BF4B-00C04F79EFBC}") = "LevelDB.NET", "LevelDB.net\LevelDB.NET.csproj", "{66B68F7D-BD4C-4080-9DB9-C0E03D58E171}"
EndProject
Project("{8BC9CEB8-8B4A-11D0-8D11-00A0C91BC942}") = "leveldb", "leveldbNative\leveldb.vcxproj", "{65A4527B-A2F2-C7FF-AF05-14CCA99887B9}"
EndProject
Project("{FAE04EC0-301F-11D3-BF4B-00C04F79EFBC}") = "LevelDBUnitTests", "LevelDBUnitTests\LevelDBUnitTests.csproj", "{0BBC4D9D-3A5A-48C9-9AAF-A55B062026C9}"
EndProject
Global
	GlobalSection(SolutionConfigurationPlatforms) = preSolution
		Debug|Any CPU = Debug|Any CPU
		Debug|Mixed Platforms = Debug|Mixed Platforms
		Debug|Win32 = Debug|Win32
		Debug|x86 = Debug|x86
		Release|Any CPU = Release|Any CPU
		Release|Mixed Platforms = Release|Mixed Platforms
		Release|Win32 = Release|Win32
		Release|x86 = Release|x86
	EndGlobalSection
	GlobalSection(ProjectConfigurationPlatforms) = postSolution
		{66B68F7D-BD4C-4080-9DB9-C0E03D58E171}.Debug|Any CPU.ActiveCfg = Debug|x86
		{66B68F7D-BD4C-4080-9DB9-C0E03D58E171}.Debug|Mixed Platforms.ActiveCfg = Debug|x86
		{66B68F7D-BD4C-4080-9DB9-C0E03D58E171}.Debug|Mixed Platforms.Build.0 = Debug|x86
		{66B68F7D-BD4C-4080-9DB9-C0E03D58E171}.Debug|Win32.ActiveCfg = Debug|x86
		{66B68F7D-BD4C-4080-9DB9-C0E03D58E171}.Debug|x86.ActiveCfg = Debug|x86
		{66B68F7D-BD4C-4080-9DB9-C0E03D58E171}.Debug|x86.Build.0 = Debug|x86
		{66B68F7D-BD4C-4080-9DB9-C0E03D58E171}.Release|Any CPU.ActiveCfg = Release|x86
		{66B68F7D-BD4C-4080-9DB9-C0E03D58E171}.Release|Mixed Platforms.ActiveCfg = Release|x86
		{66B68F7D-BD4C-4080-9DB9-C0E03D58E171}.Release|Mixed Platforms.Build.0 = Release|x86
		{66B68F7D-BD4C-4080-9DB9-C0E03D58E171}.Release|Win32.ActiveCfg = Release|x86
		{66B68F7D-BD4C-4080-9DB9-C0E03D58E171}.Release|x86.ActiveCfg = Release|x86
		{66B68F7D-BD4C-4080-9DB9-C0E03D58E171}.Release|x86.Build.0 = Release|x86
		{65A4527B-A2F2-C7FF-AF05-14CCA99887B9}.Debug|Any CPU.ActiveCfg = Debug|Win32
		{65A4527B-A2F2-C7FF-AF05-14CCA99887B9}.Debug|Mixed Platforms.ActiveCfg = Debug|Win32
		{65A4527B-A2F2-C7FF-AF05-14CCA99887B9}.Debug|Mixed Platforms.Build.0 = Debug|Win32
		{65A4527B-A2F2-C7FF-AF05-14CCA99887B9}.Debug|Win32.ActiveCfg = Debug|Win32
		{65A4527B-A2F2-C7FF-AF05-14CCA99887B9}.Debug|Win32.Build.0 = Debug|Win32
		{65A4527B-A2F2-C7FF-AF05-14CCA99887B9}.Debug|x86.ActiveCfg = Debug|Win32
		{65A4527B-A2F2-C7FF-AF05-14CCA99887B9}.Release|Any CPU.ActiveCfg = Release|Win32
		{65A4527B-A2F2-C7FF-AF05-14CCA99887B9}.Release|Mixed Platforms.ActiveCfg = Release|Win32
		{65A4527B-A2F2-C7FF-AF05-14CCA99887B9}.Release|Mixed Platforms.Build.0 = Release|Win32
		{65A4527B-A2F2-C7FF-AF05-14CCA99887B9}.Release|Win32.ActiveCfg = Release|Win32
		{65A4527B-A2F2-C7FF-AF05-14CCA99887B9}.Release|Win32.Build.0 = Release|Win32
		{65A4527B-A2F2-C7FF-AF05-14CCA99887B9}.Release|x86.ActiveCfg = Release|Win32
		{0BBC4D9D-3A5A-48C9-9AAF-A55B062026C9}.Debug|Any CPU.ActiveCfg = Debug|Any CPU
		{0BBC4D9D-3A5A-48C9-9AAF-A55B062026C9}.Debug|Any CPU.Build.0 = Debug|Any CPU
		{0BBC4D9D-3A5A-48C9-9AAF-A55B062026C9}.Debug|Mixed Platforms.ActiveCfg = Debug|Any CPU
		{0BBC4D9D-3A5A-48C9-9AAF-A55B062026C9}.Debug|Mixed Platforms.Build.0 = Debug|Any CPU
		{0BBC4D9D-3A5A-48C9-9AAF-A55B062026C9}.Debug|Win32.ActiveCfg = Debug|Any CPU
		{0BBC4D9D-3A5A-48C9-9AAF-A55B062026C9}.Debug|x86.ActiveCfg = Debug|Any CPU
		{0BBC4D9D-3A5A-48C9-9AAF-A55B062026C9}.Release|Any CPU.ActiveCfg = Release|Any CPU
		{0BBC4D9D-3A5A-48C9-9AAF-A55B062026C9}.Release|Any CPU.Build.0 = Release|Any CPU
		{0BBC4D9D-3A5A-48C9-9AAF-A55B062026C9}.Release|Mixed Platforms.ActiveCfg = Release|Any CPU
		{0BBC4D9D-3A5A-48C9-9AAF-A55B062026C9}.Release|Mixed Platforms.Build.0 = Release|Any CPU
		{0BBC4D9D-3A5A-48C9-9AAF-A55B062026C9}.Release|Win32.ActiveCfg = Release|Any CPU
		{0BBC4D9D-3A5A-48C9-9AAF-A55B062026C9}.Release|x86.ActiveCfg = Release|Any CPU
	EndGlobalSection
	GlobalSection(SolutionProperties) = preSolution
		HideSolutionNode = FALSE
	EndGlobalSection
EndGlobal
